
Microsoft Visual Studio Solution File, Format Version 12.00
# Visual Studio Version 17
VisualStudioVersion = 17.4.33205.214
MinimumVisualStudioVersion = 10.0.40219.1
Project("{FAE04EC0-301F-11D3-BF4B-00C04F79EFBC}") = "MySQL_Json_Parsing_Test", "MySQL_Json_Parsing_Test\MySQL_Json_Parsing_Test.csproj", "{7CF00428-EC49-47F3-8253-FAA893E4699E}"
EndProject
Global
	GlobalSection(SolutionConfigurationPlatforms) = preSolution
		Debug|Any CPU = Debug|Any CPU
		Release|Any CPU = Release|Any CPU
	EndGlobalSection
	GlobalSection(ProjectConfigurationPlatforms) = postSolution
		{7CF00428-EC49-47F3-8253-FAA893E4699E}.Debug|Any CPU.ActiveCfg = Debug|Any CPU
		{7CF00428-EC49-47F3-8253-FAA893E4699E}.Debug|Any CPU.Build.0 = Debug|Any CPU
		{7CF00428-EC49-47F3-8253-FAA893E4699E}.Release|Any CPU.ActiveCfg = Release|Any CPU
		{7CF00428-EC49-47F3-8253-FAA893E4699E}.Release|Any CPU.Build.0 = Release|Any CPU
	EndGlobalSection
	GlobalSection(SolutionProperties) = preSolution
		HideSolutionNode = FALSE
	EndGlobalSection
	GlobalSection(ExtensibilityGlobals) = postSolution
		SolutionGuid = {F300E9B1-5006-4508-AF6E-36DEDFCF1DA5}
	EndGlobalSection
EndGlobal
