
Microsoft Visual Studio Solution File, Format Version 12.00
# Visual Studio Version 17
VisualStudioVersion = 17.4.33205.214
MinimumVisualStudioVersion = 10.0.40219.1
Project("{FAE04EC0-301F-11D3-BF4B-00C04F79EFBC}") = "Json_parsing_3", "Json_parsing_3\Json_parsing_3.csproj", "{7A7245D2-251D-4481-A3D9-7E2437C1127A}"
EndProject
Global
	GlobalSection(SolutionConfigurationPlatforms) = preSolution
		Debug|Any CPU = Debug|Any CPU
		Release|Any CPU = Release|Any CPU
	EndGlobalSection
	GlobalSection(ProjectConfigurationPlatforms) = postSolution
		{7A7245D2-251D-4481-A3D9-7E2437C1127A}.Debug|Any CPU.ActiveCfg = Debug|Any CPU
		{7A7245D2-251D-4481-A3D9-7E2437C1127A}.Debug|Any CPU.Build.0 = Debug|Any CPU
		{7A7245D2-251D-4481-A3D9-7E2437C1127A}.Release|Any CPU.ActiveCfg = Release|Any CPU
		{7A7245D2-251D-4481-A3D9-7E2437C1127A}.Release|Any CPU.Build.0 = Release|Any CPU
	EndGlobalSection
	GlobalSection(SolutionProperties) = preSolution
		HideSolutionNode = FALSE
	EndGlobalSection
	GlobalSection(ExtensibilityGlobals) = postSolution
		SolutionGuid = {77B66455-11C9-4D46-A730-7AA587BF3A75}
	EndGlobalSection
EndGlobal
