
Microsoft Visual Studio Solution File, Format Version 12.00
# Visual Studio Version 17
VisualStudioVersion = 17.4.33205.214
MinimumVisualStudioVersion = 10.0.40219.1
Project("{FAE04EC0-301F-11D3-BF4B-00C04F79EFBC}") = "Database_Selete_Delete_Client", "Database_Selete_Delete_Client\Database_Selete_Delete_Client.csproj", "{C906D8EA-8B14-4FA7-8F16-57E722E93AF7}"
EndProject
Global
	GlobalSection(SolutionConfigurationPlatforms) = preSolution
		Debug|Any CPU = Debug|Any CPU
		Release|Any CPU = Release|Any CPU
	EndGlobalSection
	GlobalSection(ProjectConfigurationPlatforms) = postSolution
		{C906D8EA-8B14-4FA7-8F16-57E722E93AF7}.Debug|Any CPU.ActiveCfg = Debug|Any CPU
		{C906D8EA-8B14-4FA7-8F16-57E722E93AF7}.Debug|Any CPU.Build.0 = Debug|Any CPU
		{C906D8EA-8B14-4FA7-8F16-57E722E93AF7}.Release|Any CPU.ActiveCfg = Release|Any CPU
		{C906D8EA-8B14-4FA7-8F16-57E722E93AF7}.Release|Any CPU.Build.0 = Release|Any CPU
	EndGlobalSection
	GlobalSection(SolutionProperties) = preSolution
		HideSolutionNode = FALSE
	EndGlobalSection
	GlobalSection(ExtensibilityGlobals) = postSolution
		SolutionGuid = {7A2919BD-EE7D-4DCC-B25C-0C6E431E77B1}
	EndGlobalSection
EndGlobal
